
Microsoft Visual Studio Solution File, Format Version 12.00
# Visual Studio Version 17
VisualStudioVersion = 17.11.35327.3
MinimumVisualStudioVersion = 10.0.40219.1
Project("{FAE04EC0-301F-11D3-BF4B-00C04F79EFBC}") = "Desafio02", "Desafio02\Desafio02.csproj", "{016FA4EF-5EBC-44AB-A5D8-B8F6884EB680}"
EndProject
Global
	GlobalSection(SolutionConfigurationPlatforms) = preSolution
		Debug|Any CPU = Debug|Any CPU
		Release|Any CPU = Release|Any CPU
	EndGlobalSection
	GlobalSection(ProjectConfigurationPlatforms) = postSolution
		{016FA4EF-5EBC-44AB-A5D8-B8F6884EB680}.Debug|Any CPU.ActiveCfg = Debug|Any CPU
		{016FA4EF-5EBC-44AB-A5D8-B8F6884EB680}.Debug|Any CPU.Build.0 = Debug|Any CPU
		{016FA4EF-5EBC-44AB-A5D8-B8F6884EB680}.Release|Any CPU.ActiveCfg = Release|Any CPU
		{016FA4EF-5EBC-44AB-A5D8-B8F6884EB680}.Release|Any CPU.Build.0 = Release|Any CPU
	EndGlobalSection
	GlobalSection(SolutionProperties) = preSolution
		HideSolutionNode = FALSE
	EndGlobalSection
	GlobalSection(ExtensibilityGlobals) = postSolution
		SolutionGuid = {FB13B034-A5B7-47A0-84DD-6453B84B3012}
	EndGlobalSection
EndGlobal
